// !$*UTF8*$!
{
	archiveVersion = 1;
	classes = {
	};
	objectVersion = 46;
	objects = {

/* Begin PBXBuildFile section */
		3128144C1CF2E77C005A7E11 /* main.m in Sources */ = {isa = PBXBuildFile; fileRef = 3128144B1CF2E77C005A7E11 /* main.m */; };
		3128144F1CF2E77C005A7E11 /* AppDelegate.m in Sources */ = {isa = PBXBuildFile; fileRef = 3128144E1CF2E77C005A7E11 /* AppDelegate.m */; };
		312814551CF2E77C005A7E11 /* Main.storyboard in Resources */ = {isa = PBXBuildFile; fileRef = 312814531CF2E77C005A7E11 /* Main.storyboard */; };
		312814571CF2E77C005A7E11 /* Assets.xcassets in Resources */ = {isa = PBXBuildFile; fileRef = 312814561CF2E77C005A7E11 /* Assets.xcassets */; };
		3128145A1CF2E77C005A7E11 /* LaunchScreen.storyboard in Resources */ = {isa = PBXBuildFile; fileRef = 312814581CF2E77C005A7E11 /* LaunchScreen.storyboard */; };
		312814681CF30FA8005A7E11 /* DetailViewController.m in Sources */ = {isa = PBXBuildFile; fileRef = 312814671CF30FA8005A7E11 /* DetailViewController.m */; };
		312814B11CF320F3005A7E11 /* HeroItemTableViewCell.m in Sources */ = {isa = PBXBuildFile; fileRef = 312814B01CF320F3005A7E11 /* HeroItemTableViewCell.m */; };
		31984C111CF4E0B900E054D9 /* MasterTableViewController.m in Sources */ = {isa = PBXBuildFile; fileRef = 31984C101CF4E0B900E054D9 /* MasterTableViewController.m */; };
		8519D1AB7DA8209828CE63C2 /* libPods-Dota2HeroIntro.a in Frameworks */ = {isa = PBXBuildFile; fileRef = F5B4E8970EEE436036CE8CB7 /* libPods-Dota2HeroIntro.a */; };
/* End PBXBuildFile section */

/* Begin PBXFileReference section */
		312814471CF2E77C005A7E11 /* Dota2HeroIntro.app */ = {isa = PBXFileReference; explicitFileType = wrapper.application; includeInIndex = 0; path = Dota2HeroIntro.app; sourceTree = BUILT_PRODUCTS_DIR; };
		3128144B1CF2E77C005A7E11 /* main.m */ = {isa = PBXFileReference; lastKnownFileType = sourcecode.c.objc; path = main.m; sourceTree = "<group>"; };
		3128144D1CF2E77C005A7E11 /* AppDelegate.h */ = {isa = PBXFileReference; lastKnownFileType = sourcecode.c.h; path = AppDelegate.h; sourceTree = "<group>"; };
		3128144E1CF2E77C005A7E11 /* AppDelegate.m */ = {isa = PBXFileReference; lastKnownFileType = sourcecode.c.objc; path = AppDelegate.m; sourceTree = "<group>"; };
		312814541CF2E77C005A7E11 /* Base */ = {isa = PBXFileReference; lastKnownFileType = file.storyboard; name = Base; path = Base.lproj/Main.storyboard; sourceTree = "<group>"; };
		312814561CF2E77C005A7E11 /* Assets.xcassets */ = {isa = PBXFileReference; lastKnownFileType = folder.assetcatalog; path = Assets.xcassets; sourceTree = "<group>"; };
		312814591CF2E77C005A7E11 /* Base */ = {isa = PBXFileReference; lastKnownFileType = file.storyboard; name = Base; path = Base.lproj/LaunchScreen.storyboard; sourceTree = "<group>"; };
		3128145B1CF2E77C005A7E11 /* Info.plist */ = {isa = PBXFileReference; lastKnownFileType = text.plist.xml; path = Info.plist; sourceTree = "<group>"; };
		312814661CF30FA8005A7E11 /* DetailViewController.h */ = {isa = PBXFileReference; fileEncoding = 4; lastKnownFileType = sourcecode.c.h; path = DetailViewController.h; sourceTree = "<group>"; };
		312814671CF30FA8005A7E11 /* DetailViewController.m */ = {isa = PBXFileReference; fileEncoding = 4; lastKnownFileType = sourcecode.c.objc; path = DetailViewController.m; sourceTree = "<group>"; };
		312814AF1CF320F3005A7E11 /* HeroItemTableViewCell.h */ = {isa = PBXFileReference; fileEncoding = 4; lastKnownFileType = sourcecode.c.h; path = HeroItemTableViewCell.h; sourceTree = "<group>"; };
		312814B01CF320F3005A7E11 /* HeroItemTableViewCell.m */ = {isa = PBXFileReference; fileEncoding = 4; lastKnownFileType = sourcecode.c.objc; path = HeroItemTableViewCell.m; sourceTree = "<group>"; };
		31984C0F1CF4E0B900E054D9 /* MasterTableViewController.h */ = {isa = PBXFileReference; fileEncoding = 4; lastKnownFileType = sourcecode.c.h; path = MasterTableViewController.h; sourceTree = "<group>"; };
		31984C101CF4E0B900E054D9 /* MasterTableViewController.m */ = {isa = PBXFileReference; fileEncoding = 4; lastKnownFileType = sourcecode.c.objc; path = MasterTableViewController.m; sourceTree = "<group>"; };
		8076855E1CB3CD34C060615F /* Pods-Dota2HeroIntro.debug.xcconfig */ = {isa = PBXFileReference; includeInIndex = 1; lastKnownFileType = text.xcconfig; name = "Pods-Dota2HeroIntro.debug.xcconfig"; path = "Pods/Target Support Files/Pods-Dota2HeroIntro/Pods-Dota2HeroIntro.debug.xcconfig"; sourceTree = "<group>"; };
		EC3921BFC77B04421A63BF87 /* Pods-Dota2HeroIntro.release.xcconfig */ = {isa = PBXFileReference; includeInIndex = 1; lastKnownFileType = text.xcconfig; name = "Pods-Dota2HeroIntro.release.xcconfig"; path = "Pods/Target Support Files/Pods-Dota2HeroIntro/Pods-Dota2HeroIntro.release.xcconfig"; sourceTree = "<group>"; };
		F5B4E8970EEE436036CE8CB7 /* libPods-Dota2HeroIntro.a */ = {isa = PBXFileReference; explicitFileType = archive.ar; includeInIndex = 0; path = "libPods-Dota2HeroIntro.a"; sourceTree = BUILT_PRODUCTS_DIR; };
/* End PBXFileReference section */

/* Begin PBXFrameworksBuildPhase section */
		312814441CF2E77C005A7E11 /* Frameworks */ = {
			isa = PBXFrameworksBuildPhase;
			buildActionMask = 2147483647;
			files = (
				8519D1AB7DA8209828CE63C2 /* libPods-Dota2HeroIntro.a in Frameworks */,
			);
			runOnlyForDeploymentPostprocessing = 0;
		};
/* End PBXFrameworksBuildPhase section */

/* Begin PBXGroup section */
		3128143E1CF2E77C005A7E11 = {
			isa = PBXGroup;
			children = (
				312814491CF2E77C005A7E11 /* Dota2HeroIntro */,
				312814481CF2E77C005A7E11 /* Products */,
				B4B17B9992691EA426DA72EB /* Pods */,
				D7E18B1316BD853171DF485C /* Frameworks */,
			);
			sourceTree = "<group>";
		};
		312814481CF2E77C005A7E11 /* Products */ = {
			isa = PBXGroup;
			children = (
				312814471CF2E77C005A7E11 /* Dota2HeroIntro.app */,
			);
			name = Products;
			sourceTree = "<group>";
		};
		312814491CF2E77C005A7E11 /* Dota2HeroIntro */ = {
			isa = PBXGroup;
			children = (
				3128144B1CF2E77C005A7E11 /* main.m */,
				3128144D1CF2E77C005A7E11 /* AppDelegate.h */,
				3128144E1CF2E77C005A7E11 /* AppDelegate.m */,
				312814AF1CF320F3005A7E11 /* HeroItemTableViewCell.h */,
				312814B01CF320F3005A7E11 /* HeroItemTableViewCell.m */,
				31984C0F1CF4E0B900E054D9 /* MasterTableViewController.h */,
				31984C101CF4E0B900E054D9 /* MasterTableViewController.m */,
				312814661CF30FA8005A7E11 /* DetailViewController.h */,
				312814671CF30FA8005A7E11 /* DetailViewController.m */,
				312814531CF2E77C005A7E11 /* Main.storyboard */,
				312814581CF2E77C005A7E11 /* LaunchScreen.storyboard */,
				3128145B1CF2E77C005A7E11 /* Info.plist */,
				312814561CF2E77C005A7E11 /* Assets.xcassets */,
			);
			path = Dota2HeroIntro;
			sourceTree = "<group>";
		};
		B4B17B9992691EA426DA72EB /* Pods */ = {
			isa = PBXGroup;
			children = (
				8076855E1CB3CD34C060615F /* Pods-Dota2HeroIntro.debug.xcconfig */,
				EC3921BFC77B04421A63BF87 /* Pods-Dota2HeroIntro.release.xcconfig */,
			);
			name = Pods;
			sourceTree = "<group>";
		};
		D7E18B1316BD853171DF485C /* Frameworks */ = {
			isa = PBXGroup;
			children = (
				F5B4E8970EEE436036CE8CB7 /* libPods-Dota2HeroIntro.a */,
			);
			name = Frameworks;
			sourceTree = "<group>";
		};
/* End PBXGroup section */

/* Begin PBXNativeTarget section */
		312814461CF2E77C005A7E11 /* Dota2HeroIntro */ = {
			isa = PBXNativeTarget;
			buildConfigurationList = 3128145E1CF2E77C005A7E11 /* Build configuration list for PBXNativeTarget "Dota2HeroIntro" */;
			buildPhases = (
				5C87AA3643D510F1B8C357CF /* 📦 Check Pods Manifest.lock */,
				312814431CF2E77C005A7E11 /* Sources */,
				312814441CF2E77C005A7E11 /* Frameworks */,
				312814451CF2E77C005A7E11 /* Resources */,
				4B85F3E6C519C4DA0B1EE8F5 /* 📦 Embed Pods Frameworks */,
				B7E4FA190032C0E532D1065C /* 📦 Copy Pods Resources */,
			);
			buildRules = (
			);
			dependencies = (
			);
			name = Dota2HeroIntro;
			productName = Dota2HeroIntro;
			productReference = 312814471CF2E77C005A7E11 /* Dota2HeroIntro.app */;
			productType = "com.apple.product-type.application";
		};
/* End PBXNativeTarget section */

/* Begin PBXProject section */
		3128143F1CF2E77C005A7E11 /* Project object */ = {
			isa = PBXProject;
			attributes = {
				LastUpgradeCheck = 0720;
				ORGANIZATIONNAME = shouzhi;
				TargetAttributes = {
					312814461CF2E77C005A7E11 = {
						CreatedOnToolsVersion = 7.2.1;
					};
				};
			};
			buildConfigurationList = 312814421CF2E77C005A7E11 /* Build configuration list for PBXProject "Dota2HeroIntro" */;
			compatibilityVersion = "Xcode 3.2";
			developmentRegion = English;
			hasScannedForEncodings = 0;
			knownRegions = (
				en,
				Base,
			);
			mainGroup = 3128143E1CF2E77C005A7E11;
			productRefGroup = 312814481CF2E77C005A7E11 /* Products */;
			projectDirPath = "";
			projectRoot = "";
			targets = (
				312814461CF2E77C005A7E11 /* Dota2HeroIntro */,
			);
		};
/* End PBXProject section */

/* Begin PBXResourcesBuildPhase section */
		312814451CF2E77C005A7E11 /* Resources */ = {
			isa = PBXResourcesBuildPhase;
			buildActionMask = 2147483647;
			files = (
				3128145A1CF2E77C005A7E11 /* LaunchScreen.storyboard in Resources */,
				312814571CF2E77C005A7E11 /* Assets.xcassets in Resources */,
				312814551CF2E77C005A7E11 /* Main.storyboard in Resources */,
			);
			runOnlyForDeploymentPostprocessing = 0;
		};
/* End PBXResourcesBuildPhase section */

/* Begin PBXShellScriptBuildPhase section */
		4B85F3E6C519C4DA0B1EE8F5 /* 📦 Embed Pods Frameworks */ = {
			isa = PBXShellScriptBuildPhase;
			buildActionMask = 2147483647;
			files = (
			);
			inputPaths = (
			);
			name = "📦 Embed Pods Frameworks";
			outputPaths = (
			);
			runOnlyForDeploymentPostprocessing = 0;
			shellPath = /bin/sh;
			shellScript = "\"${SRCROOT}/Pods/Target Support Files/Pods-Dota2HeroIntro/Pods-Dota2HeroIntro-frameworks.sh\"\n";
			showEnvVarsInLog = 0;
		};
		5C87AA3643D510F1B8C357CF /* 📦 Check Pods Manifest.lock */ = {
			isa = PBXShellScriptBuildPhase;
			buildActionMask = 2147483647;
			files = (
			);
			inputPaths = (
			);
			name = "📦 Check Pods Manifest.lock";
			outputPaths = (
			);
			runOnlyForDeploymentPostprocessing = 0;
			shellPath = /bin/sh;
			shellScript = "diff \"${PODS_ROOT}/../Podfile.lock\" \"${PODS_ROOT}/Manifest.lock\" > /dev/null\nif [[ $? != 0 ]] ; then\n    cat << EOM\nerror: The sandbox is not in sync with the Podfile.lock. Run 'pod install' or update your CocoaPods installation.\nEOM\n    exit 1\nfi\n";
			showEnvVarsInLog = 0;
		};
		B7E4FA190032C0E532D1065C /* 📦 Copy Pods Resources */ = {
			isa = PBXShellScriptBuildPhase;
			buildActionMask = 2147483647;
			files = (
			);
			inputPaths = (
			);
			name = "📦 Copy Pods Resources";
			outputPaths = (
			);
			runOnlyForDeploymentPostprocessing = 0;
			shellPath = /bin/sh;
			shellScript = "\"${SRCROOT}/Pods/Target Support Files/Pods-Dota2HeroIntro/Pods-Dota2HeroIntro-resources.sh\"\n";
			showEnvVarsInLog = 0;
		};
/* End PBXShellScriptBuildPhase section */

/* Begin PBXSourcesBuildPhase section */
		312814431CF2E77C005A7E11 /* Sources */ = {
			isa = PBXSourcesBuildPhase;
			buildActionMask = 2147483647;
			files = (
				31984C111CF4E0B900E054D9 /* MasterTableViewController.m in Sources */,
				3128144F1CF2E77C005A7E11 /* AppDelegate.m in Sources */,
				3128144C1CF2E77C005A7E11 /* main.m in Sources */,
				312814B11CF320F3005A7E11 /* HeroItemTableViewCell.m in Sources */,
				312814681CF30FA8005A7E11 /* DetailViewController.m in Sources */,
			);
			runOnlyForDeploymentPostprocessing = 0;
		};
/* End PBXSourcesBuildPhase section */

/* Begin PBXVariantGroup section */
		312814531CF2E77C005A7E11 /* Main.storyboard */ = {
			isa = PBXVariantGroup;
			children = (
				312814541CF2E77C005A7E11 /* Base */,
			);
			name = Main.storyboard;
			sourceTree = "<group>";
		};
		312814581CF2E77C005A7E11 /* LaunchScreen.storyboard */ = {
			isa = PBXVariantGroup;
			children = (
				312814591CF2E77C005A7E11 /* Base */,
			);
			name = LaunchScreen.storyboard;
			sourceTree = "<group>";
		};
/* End PBXVariantGroup section */

/* Begin XCBuildConfiguration section */
		3128145C1CF2E77C005A7E11 /* Debug */ = {
			isa = XCBuildConfiguration;
			buildSettings = {
				ALWAYS_SEARCH_USER_PATHS = NO;
				CLANG_CXX_LANGUAGE_STANDARD = "gnu++0x";
				CLANG_CXX_LIBRARY = "libc++";
				CLANG_ENABLE_MODULES = YES;
				CLANG_ENABLE_OBJC_ARC = YES;
				CLANG_WARN_BOOL_CONVERSION = YES;
				CLANG_WARN_CONSTANT_CONVERSION = YES;
				CLANG_WARN_DIRECT_OBJC_ISA_USAGE = YES_ERROR;
				CLANG_WARN_EMPTY_BODY = YES;
				CLANG_WARN_ENUM_CONVERSION = YES;
				CLANG_WARN_INT_CONVERSION = YES;
				CLANG_WARN_OBJC_ROOT_CLASS = YES_ERROR;
				CLANG_WARN_UNREACHABLE_CODE = YES;
				CLANG_WARN__DUPLICATE_METHOD_MATCH = YES;
				"CODE_SIGN_IDENTITY[sdk=iphoneos*]" = "iPhone Developer";
				COPY_PHASE_STRIP = NO;
				DEBUG_INFORMATION_FORMAT = dwarf;
				ENABLE_STRICT_OBJC_MSGSEND = YES;
				ENABLE_TESTABILITY = YES;
				GCC_C_LANGUAGE_STANDARD = gnu99;
				GCC_DYNAMIC_NO_PIC = NO;
				GCC_NO_COMMON_BLOCKS = YES;
				GCC_OPTIMIZATION_LEVEL = 0;
				GCC_PREPROCESSOR_DEFINITIONS = (
					"DEBUG=1",
					"$(inherited)",
				);
				GCC_WARN_64_TO_32_BIT_CONVERSION = YES;
				GCC_WARN_ABOUT_RETURN_TYPE = YES_ERROR;
				GCC_WARN_UNDECLARED_SELECTOR = YES;
				GCC_WARN_UNINITIALIZED_AUTOS = YES_AGGRESSIVE;
				GCC_WARN_UNUSED_FUNCTION = YES;
				GCC_WARN_UNUSED_VARIABLE = YES;
				IPHONEOS_DEPLOYMENT_TARGET = 9.2;
				MTL_ENABLE_DEBUG_INFO = YES;
				ONLY_ACTIVE_ARCH = YES;
				SDKROOT = iphoneos;
				TARGETED_DEVICE_FAMILY = "1,2";
			};
			name = Debug;
		};
		3128145D1CF2E77C005A7E11 /* Release */ = {
			isa = XCBuildConfiguration;
			buildSettings = {
				ALWAYS_SEARCH_USER_PATHS = NO;
				CLANG_CXX_LANGUAGE_STANDARD = "gnu++0x";
				CLANG_CXX_LIBRARY = "libc++";
				CLANG_ENABLE_MODULES = YES;
				CLANG_ENABLE_OBJC_ARC = YES;
				CLANG_WARN_BOOL_CONVERSION = YES;
				CLANG_WARN_CONSTANT_CONVERSION = YES;
				CLANG_WARN_DIRECT_OBJC_ISA_USAGE = YES_ERROR;
				CLANG_WARN_EMPTY_BODY = YES;
				CLANG_WARN_ENUM_CONVERSION = YES;
				CLANG_WARN_INT_CONVERSION = YES;
				CLANG_WARN_OBJC_ROOT_CLASS = YES_ERROR;
				CLANG_WARN_UNREACHABLE_CODE = YES;
				CLANG_WARN__DUPLICATE_METHOD_MATCH = YES;
				"CODE_SIGN_IDENTITY[sdk=iphoneos*]" = "iPhone Developer";
				COPY_PHASE_STRIP = NO;
				DEBUG_INFORMATION_FORMAT = "dwarf-with-dsym";
				ENABLE_NS_ASSERTIONS = NO;
				ENABLE_STRICT_OBJC_MSGSEND = YES;
				GCC_C_LANGUAGE_STANDARD = gnu99;
				GCC_NO_COMMON_BLOCKS = YES;
				GCC_WARN_64_TO_32_BIT_CONVERSION = YES;
				GCC_WARN_ABOUT_RETURN_TYPE = YES_ERROR;
				GCC_WARN_UNDECLARED_SELECTOR = YES;
				GCC_WARN_UNINITIALIZED_AUTOS = YES_AGGRESSIVE;
				GCC_WARN_UNUSED_FUNCTION = YES;
				GCC_WARN_UNUSED_VARIABLE = YES;
				IPHONEOS_DEPLOYMENT_TARGET = 9.2;
				MTL_ENABLE_DEBUG_INFO = NO;
				SDKROOT = iphoneos;
				TARGETED_DEVICE_FAMILY = "1,2";
				VALIDATE_PRODUCT = YES;
			};
			name = Release;
		};
		3128145F1CF2E77C005A7E11 /* Debug */ = {
			isa = XCBuildConfiguration;
			baseConfigurationReference = 8076855E1CB3CD34C060615F /* Pods-Dota2HeroIntro.debug.xcconfig */;
			buildSettings = {
				ASSETCATALOG_COMPILER_APPICON_NAME = AppIcon;
				INFOPLIST_FILE = Dota2HeroIntro/Info.plist;
				LD_RUNPATH_SEARCH_PATHS = "$(inherited) @executable_path/Frameworks";
				PRODUCT_BUNDLE_IDENTIFIER = xsz.Dota2HeroIntro;
				PRODUCT_NAME = "$(TARGET_NAME)";
			};
			name = Debug;
		};
		312814601CF2E77C005A7E11 /* Release */ = {
			isa = XCBuildConfiguration;
			baseConfigurationReference = EC3921BFC77B04421A63BF87 /* Pods-Dota2HeroIntro.release.xcconfig */;
			buildSettings = {
				ASSETCATALOG_COMPILER_APPICON_NAME = AppIcon;
				INFOPLIST_FILE = Dota2HeroIntro/Info.plist;
				LD_RUNPATH_SEARCH_PATHS = "$(inherited) @executable_path/Frameworks";
				PRODUCT_BUNDLE_IDENTIFIER = xsz.Dota2HeroIntro;
				PRODUCT_NAME = "$(TARGET_NAME)";
			};
			name = Release;
		};
/* End XCBuildConfiguration section */

/* Begin XCConfigurationList section */
		312814421CF2E77C005A7E11 /* Build configuration list for PBXProject "Dota2HeroIntro" */ = {
			isa = XCConfigurationList;
			buildConfigurations = (
				3128145C1CF2E77C005A7E11 /* Debug */,
				3128145D1CF2E77C005A7E11 /* Release */,
			);
			defaultConfigurationIsVisible = 0;
			defaultConfigurationName = Release;
		};
		3128145E1CF2E77C005A7E11 /* Build configuration list for PBXNativeTarget "Dota2HeroIntro" */ = {
			isa = XCConfigurationList;
			buildConfigurations = (
				3128145F1CF2E77C005A7E11 /* Debug */,
				312814601CF2E77C005A7E11 /* Release */,
			);
			defaultConfigurationIsVisible = 0;
			defaultConfigurationName = Release;
		};
/* End XCConfigurationList section */
	};
	rootObject = 3128143F1CF2E77C005A7E11 /* Project object */;
}
